
Microsoft Visual Studio Solution File, Format Version 12.00
# Visual Studio Version 17
VisualStudioVersion = 17.5.33516.290
MinimumVisualStudioVersion = 10.0.40219.1
Project("{9A19103F-16F7-4668-BE54-9A1E7A4F7556}") = "InfoDev.MutualFund", "InfoDev.MutualFund\InfoDev.MutualFund.csproj", "{1BC31E88-EA1B-4A75-90D3-8A2AD9204F8A}"
EndProject
Project("{2150E333-8FDC-42A3-9474-1A3956D46DE8}") = "Core", "Core", "{001F9C9B-2962-4D10-95A2-E5BFCD84313C}"
EndProject
Project("{9A19103F-16F7-4668-BE54-9A1E7A4F7556}") = "Contracts", "Core\Contracts\Contracts.csproj", "{8E43666E-FC1D-42E7-B56F-148E65A9AF77}"
EndProject
Project("{9A19103F-16F7-4668-BE54-9A1E7A4F7556}") = "Domain", "Core\Domain\Domain.csproj", "{29907452-5024-4439-A59B-4B9EF143A7FE}"
	ProjectSection(ProjectDependencies) = postProject
		{8E43666E-FC1D-42E7-B56F-148E65A9AF77} = {8E43666E-FC1D-42E7-B56F-148E65A9AF77}
	EndProjectSection
EndProject
Project("{9A19103F-16F7-4668-BE54-9A1E7A4F7556}") = "Repo.Abstraction", "Core\Repo.Abstraction\Repo.Abstraction.csproj", "{FCCF56A5-AFE1-4F19-BF9B-1BC1FA0D6CE9}"
EndProject
Project("{9A19103F-16F7-4668-BE54-9A1E7A4F7556}") = "Repository", "Core\Repository\Repository.csproj", "{D892B8B9-E98B-46BE-940A-05A6B1C21511}"
EndProject
Project("{9A19103F-16F7-4668-BE54-9A1E7A4F7556}") = "IdentityServer", "IdentityServer\IdentityServer.csproj", "{FD4563B3-832E-4C37-8EF6-DE31F23D3C23}"
EndProject
Project("{2150E333-8FDC-42A3-9474-1A3956D46DE8}") = "Infrastructure", "Infrastructure", "{CDEB2873-69B3-4FB2-9C30-22595BE35440}"
EndProject
Project("{9A19103F-16F7-4668-BE54-9A1E7A4F7556}") = "Service.Abstraction", "Infrastructure\Service.Abstraction\Service.Abstraction.csproj", "{AA5060CA-45E7-4F83-9CC5-7D70451441E0}"
	ProjectSection(ProjectDependencies) = postProject
		{29907452-5024-4439-A59B-4B9EF143A7FE} = {29907452-5024-4439-A59B-4B9EF143A7FE}
		{8E43666E-FC1D-42E7-B56F-148E65A9AF77} = {8E43666E-FC1D-42E7-B56F-148E65A9AF77}
	EndProjectSection
EndProject
Project("{9A19103F-16F7-4668-BE54-9A1E7A4F7556}") = "Service", "Infrastructure\Service\Service.csproj", "{B9322022-F8CB-44F6-A7EA-E6441E35B3F0}"
	ProjectSection(ProjectDependencies) = postProject
		{8E43666E-FC1D-42E7-B56F-148E65A9AF77} = {8E43666E-FC1D-42E7-B56F-148E65A9AF77}
	EndProjectSection
EndProject
Project("{9A19103F-16F7-4668-BE54-9A1E7A4F7556}") = "Extensions", "Infrastructure\Extensions\Extensions.csproj", "{18C857E8-1BD7-42E5-B1D0-576AE04B1125}"
	ProjectSection(ProjectDependencies) = postProject
		{29907452-5024-4439-A59B-4B9EF143A7FE} = {29907452-5024-4439-A59B-4B9EF143A7FE}
	EndProjectSection
EndProject
Project("{2150E333-8FDC-42A3-9474-1A3956D46DE8}") = "Presentation", "Presentation", "{C2A9287E-8039-482E-AAC0-A6DB52E53130}"
EndProject
Project("{9A19103F-16F7-4668-BE54-9A1E7A4F7556}") = "Common", "Presentation\Common\Common.csproj", "{A3F94A81-E679-4A0E-A571-7A990F144A2F}"
	ProjectSection(ProjectDependencies) = postProject
		{29907452-5024-4439-A59B-4B9EF143A7FE} = {29907452-5024-4439-A59B-4B9EF143A7FE}
		{8E43666E-FC1D-42E7-B56F-148E65A9AF77} = {8E43666E-FC1D-42E7-B56F-148E65A9AF77}
		{AA5060CA-45E7-4F83-9CC5-7D70451441E0} = {AA5060CA-45E7-4F83-9CC5-7D70451441E0}
	EndProjectSection
EndProject
Project("{9A19103F-16F7-4668-BE54-9A1E7A4F7556}") = "MutualFund.Admin", "Presentation\MutualFund.Admin\MutualFund.Admin.csproj", "{CB5943AF-0EB9-48FE-882F-FF6607909982}"
EndProject
Project("{9A19103F-16F7-4668-BE54-9A1E7A4F7556}") = "MutualFund.Public", "Presentation\MutualFund.Public\MutualFund.Public.csproj", "{DC6FB93E-58C1-4D42-9B41-8B3B03791EDC}"
EndProject
Project("{9A19103F-16F7-4668-BE54-9A1E7A4F7556}") = "InfoDev.OpenEndMutualFund", "InfoDev.OpenEndMutualFund\InfoDev.OpenEndMutualFund.csproj", "{57CA3DE3-7AFF-42BB-9956-FEA51FDC00A7}"
EndProject
Project("{2150E333-8FDC-42A3-9474-1A3956D46DE8}") = "IdentityModule", "IdentityModule", "{5E61DDD9-3022-4E05-A14F-8A2232FA507A}"
EndProject
Project("{9A19103F-16F7-4668-BE54-9A1E7A4F7556}") = "AuthRepo.Abstraction", "AuthRepo.Abstraction\AuthRepo.Abstraction.csproj", "{F3A2EB2B-6277-4154-BD12-D080F6C85234}"
EndProject
Project("{9A19103F-16F7-4668-BE54-9A1E7A4F7556}") = "AuthRepository", "AuthRepository\AuthRepository.csproj", "{1C9F5FDA-9068-448B-BFF5-C4494D071AB1}"
EndProject
Project("{9A19103F-16F7-4668-BE54-9A1E7A4F7556}") = "AuthService.Abstraction", "AuthService.Abstraction\AuthService.Abstraction.csproj", "{1A1ECFAD-621F-4FE6-A1F7-8D95FE79F80B}"
EndProject
Project("{9A19103F-16F7-4668-BE54-9A1E7A4F7556}") = "AuthService", "AuthService\AuthService.csproj", "{872198BF-B9DE-4DAE-8883-372046132A05}"
EndProject
Project("{9A19103F-16F7-4668-BE54-9A1E7A4F7556}") = "IdentityExtensions", "IdentityExtensions\IdentityExtensions.csproj", "{D0244329-F7A0-4302-89EA-FC36FC7CB3F3}"
EndProject
Project("{9A19103F-16F7-4668-BE54-9A1E7A4F7556}") = "IdentityConfigurations", "IdentityConfigurations\IdentityConfigurations.csproj", "{744E9401-A11A-4741-A900-68FFD7D4BAEE}"
EndProject
Project("{9A19103F-16F7-4668-BE54-9A1E7A4F7556}") = "IdentityCommon", "IdentityCommon\IdentityCommon.csproj", "{727043AF-3265-4F74-B111-0C3127E5A803}"
EndProject
Project("{9A19103F-16F7-4668-BE54-9A1E7A4F7556}") = "IdentityDomain", "IdentityDomain\IdentityDomain.csproj", "{5C07143D-501B-4878-B4C4-4C0C8C0A1C08}"
EndProject
Global
	GlobalSection(SolutionConfigurationPlatforms) = preSolution
		Debug|Any CPU = Debug|Any CPU
		Release|Any CPU = Release|Any CPU
	EndGlobalSection
	GlobalSection(ProjectConfigurationPlatforms) = postSolution
		{1BC31E88-EA1B-4A75-90D3-8A2AD9204F8A}.Debug|Any CPU.ActiveCfg = Debug|Any CPU
		{1BC31E88-EA1B-4A75-90D3-8A2AD9204F8A}.Debug|Any CPU.Build.0 = Debug|Any CPU
		{1BC31E88-EA1B-4A75-90D3-8A2AD9204F8A}.Release|Any CPU.ActiveCfg = Release|Any CPU
		{1BC31E88-EA1B-4A75-90D3-8A2AD9204F8A}.Release|Any CPU.Build.0 = Release|Any CPU
		{8E43666E-FC1D-42E7-B56F-148E65A9AF77}.Debug|Any CPU.ActiveCfg = Debug|Any CPU
		{8E43666E-FC1D-42E7-B56F-148E65A9AF77}.Debug|Any CPU.Build.0 = Debug|Any CPU
		{8E43666E-FC1D-42E7-B56F-148E65A9AF77}.Release|Any CPU.ActiveCfg = Release|Any CPU
		{8E43666E-FC1D-42E7-B56F-148E65A9AF77}.Release|Any CPU.Build.0 = Release|Any CPU
		{29907452-5024-4439-A59B-4B9EF143A7FE}.Debug|Any CPU.ActiveCfg = Debug|Any CPU
		{29907452-5024-4439-A59B-4B9EF143A7FE}.Debug|Any CPU.Build.0 = Debug|Any CPU
		{29907452-5024-4439-A59B-4B9EF143A7FE}.Release|Any CPU.ActiveCfg = Release|Any CPU
		{29907452-5024-4439-A59B-4B9EF143A7FE}.Release|Any CPU.Build.0 = Release|Any CPU
		{FCCF56A5-AFE1-4F19-BF9B-1BC1FA0D6CE9}.Debug|Any CPU.ActiveCfg = Debug|Any CPU
		{FCCF56A5-AFE1-4F19-BF9B-1BC1FA0D6CE9}.Debug|Any CPU.Build.0 = Debug|Any CPU
		{FCCF56A5-AFE1-4F19-BF9B-1BC1FA0D6CE9}.Release|Any CPU.ActiveCfg = Release|Any CPU
		{FCCF56A5-AFE1-4F19-BF9B-1BC1FA0D6CE9}.Release|Any CPU.Build.0 = Release|Any CPU
		{D892B8B9-E98B-46BE-940A-05A6B1C21511}.Debug|Any CPU.ActiveCfg = Debug|Any CPU
		{D892B8B9-E98B-46BE-940A-05A6B1C21511}.Debug|Any CPU.Build.0 = Debug|Any CPU
		{D892B8B9-E98B-46BE-940A-05A6B1C21511}.Release|Any CPU.ActiveCfg = Release|Any CPU
		{D892B8B9-E98B-46BE-940A-05A6B1C21511}.Release|Any CPU.Build.0 = Release|Any CPU
		{FD4563B3-832E-4C37-8EF6-DE31F23D3C23}.Debug|Any CPU.ActiveCfg = Debug|Any CPU
		{FD4563B3-832E-4C37-8EF6-DE31F23D3C23}.Debug|Any CPU.Build.0 = Debug|Any CPU
		{FD4563B3-832E-4C37-8EF6-DE31F23D3C23}.Release|Any CPU.ActiveCfg = Release|Any CPU
		{FD4563B3-832E-4C37-8EF6-DE31F23D3C23}.Release|Any CPU.Build.0 = Release|Any CPU
		{AA5060CA-45E7-4F83-9CC5-7D70451441E0}.Debug|Any CPU.ActiveCfg = Debug|Any CPU
		{AA5060CA-45E7-4F83-9CC5-7D70451441E0}.Debug|Any CPU.Build.0 = Debug|Any CPU
		{AA5060CA-45E7-4F83-9CC5-7D70451441E0}.Release|Any CPU.ActiveCfg = Release|Any CPU
		{AA5060CA-45E7-4F83-9CC5-7D70451441E0}.Release|Any CPU.Build.0 = Release|Any CPU
		{B9322022-F8CB-44F6-A7EA-E6441E35B3F0}.Debug|Any CPU.ActiveCfg = Debug|Any CPU
		{B9322022-F8CB-44F6-A7EA-E6441E35B3F0}.Debug|Any CPU.Build.0 = Debug|Any CPU
		{B9322022-F8CB-44F6-A7EA-E6441E35B3F0}.Release|Any CPU.ActiveCfg = Release|Any CPU
		{B9322022-F8CB-44F6-A7EA-E6441E35B3F0}.Release|Any CPU.Build.0 = Release|Any CPU
		{18C857E8-1BD7-42E5-B1D0-576AE04B1125}.Debug|Any CPU.ActiveCfg = Debug|Any CPU
		{18C857E8-1BD7-42E5-B1D0-576AE04B1125}.Debug|Any CPU.Build.0 = Debug|Any CPU
		{18C857E8-1BD7-42E5-B1D0-576AE04B1125}.Release|Any CPU.ActiveCfg = Release|Any CPU
		{18C857E8-1BD7-42E5-B1D0-576AE04B1125}.Release|Any CPU.Build.0 = Release|Any CPU
		{A3F94A81-E679-4A0E-A571-7A990F144A2F}.Debug|Any CPU.ActiveCfg = Debug|Any CPU
		{A3F94A81-E679-4A0E-A571-7A990F144A2F}.Debug|Any CPU.Build.0 = Debug|Any CPU
		{A3F94A81-E679-4A0E-A571-7A990F144A2F}.Release|Any CPU.ActiveCfg = Release|Any CPU
		{A3F94A81-E679-4A0E-A571-7A990F144A2F}.Release|Any CPU.Build.0 = Release|Any CPU
		{CB5943AF-0EB9-48FE-882F-FF6607909982}.Debug|Any CPU.ActiveCfg = Debug|Any CPU
		{CB5943AF-0EB9-48FE-882F-FF6607909982}.Debug|Any CPU.Build.0 = Debug|Any CPU
		{CB5943AF-0EB9-48FE-882F-FF6607909982}.Release|Any CPU.ActiveCfg = Release|Any CPU
		{CB5943AF-0EB9-48FE-882F-FF6607909982}.Release|Any CPU.Build.0 = Release|Any CPU
		{DC6FB93E-58C1-4D42-9B41-8B3B03791EDC}.Debug|Any CPU.ActiveCfg = Debug|Any CPU
		{DC6FB93E-58C1-4D42-9B41-8B3B03791EDC}.Debug|Any CPU.Build.0 = Debug|Any CPU
		{DC6FB93E-58C1-4D42-9B41-8B3B03791EDC}.Release|Any CPU.ActiveCfg = Release|Any CPU
		{DC6FB93E-58C1-4D42-9B41-8B3B03791EDC}.Release|Any CPU.Build.0 = Release|Any CPU
		{57CA3DE3-7AFF-42BB-9956-FEA51FDC00A7}.Debug|Any CPU.ActiveCfg = Debug|Any CPU
		{57CA3DE3-7AFF-42BB-9956-FEA51FDC00A7}.Debug|Any CPU.Build.0 = Debug|Any CPU
		{57CA3DE3-7AFF-42BB-9956-FEA51FDC00A7}.Release|Any CPU.ActiveCfg = Release|Any CPU
		{57CA3DE3-7AFF-42BB-9956-FEA51FDC00A7}.Release|Any CPU.Build.0 = Release|Any CPU
		{F3A2EB2B-6277-4154-BD12-D080F6C85234}.Debug|Any CPU.ActiveCfg = Debug|Any CPU
		{F3A2EB2B-6277-4154-BD12-D080F6C85234}.Debug|Any CPU.Build.0 = Debug|Any CPU
		{F3A2EB2B-6277-4154-BD12-D080F6C85234}.Release|Any CPU.ActiveCfg = Release|Any CPU
		{F3A2EB2B-6277-4154-BD12-D080F6C85234}.Release|Any CPU.Build.0 = Release|Any CPU
		{1C9F5FDA-9068-448B-BFF5-C4494D071AB1}.Debug|Any CPU.ActiveCfg = Debug|Any CPU
		{1C9F5FDA-9068-448B-BFF5-C4494D071AB1}.Debug|Any CPU.Build.0 = Debug|Any CPU
		{1C9F5FDA-9068-448B-BFF5-C4494D071AB1}.Release|Any CPU.ActiveCfg = Release|Any CPU
		{1C9F5FDA-9068-448B-BFF5-C4494D071AB1}.Release|Any CPU.Build.0 = Release|Any CPU
		{1A1ECFAD-621F-4FE6-A1F7-8D95FE79F80B}.Debug|Any CPU.ActiveCfg = Debug|Any CPU
		{1A1ECFAD-621F-4FE6-A1F7-8D95FE79F80B}.Debug|Any CPU.Build.0 = Debug|Any CPU
		{1A1ECFAD-621F-4FE6-A1F7-8D95FE79F80B}.Release|Any CPU.ActiveCfg = Release|Any CPU
		{1A1ECFAD-621F-4FE6-A1F7-8D95FE79F80B}.Release|Any CPU.Build.0 = Release|Any CPU
		{872198BF-B9DE-4DAE-8883-372046132A05}.Debug|Any CPU.ActiveCfg = Debug|Any CPU
		{872198BF-B9DE-4DAE-8883-372046132A05}.Debug|Any CPU.Build.0 = Debug|Any CPU
		{872198BF-B9DE-4DAE-8883-372046132A05}.Release|Any CPU.ActiveCfg = Release|Any CPU
		{872198BF-B9DE-4DAE-8883-372046132A05}.Release|Any CPU.Build.0 = Release|Any CPU
		{D0244329-F7A0-4302-89EA-FC36FC7CB3F3}.Debug|Any CPU.ActiveCfg = Debug|Any CPU
		{D0244329-F7A0-4302-89EA-FC36FC7CB3F3}.Debug|Any CPU.Build.0 = Debug|Any CPU
		{D0244329-F7A0-4302-89EA-FC36FC7CB3F3}.Release|Any CPU.ActiveCfg = Release|Any CPU
		{D0244329-F7A0-4302-89EA-FC36FC7CB3F3}.Release|Any CPU.Build.0 = Release|Any CPU
		{744E9401-A11A-4741-A900-68FFD7D4BAEE}.Debug|Any CPU.ActiveCfg = Debug|Any CPU
		{744E9401-A11A-4741-A900-68FFD7D4BAEE}.Debug|Any CPU.Build.0 = Debug|Any CPU
		{744E9401-A11A-4741-A900-68FFD7D4BAEE}.Release|Any CPU.ActiveCfg = Release|Any CPU
		{744E9401-A11A-4741-A900-68FFD7D4BAEE}.Release|Any CPU.Build.0 = Release|Any CPU
		{727043AF-3265-4F74-B111-0C3127E5A803}.Debug|Any CPU.ActiveCfg = Debug|Any CPU
		{727043AF-3265-4F74-B111-0C3127E5A803}.Debug|Any CPU.Build.0 = Debug|Any CPU
		{727043AF-3265-4F74-B111-0C3127E5A803}.Release|Any CPU.ActiveCfg = Release|Any CPU
		{727043AF-3265-4F74-B111-0C3127E5A803}.Release|Any CPU.Build.0 = Release|Any CPU
		{5C07143D-501B-4878-B4C4-4C0C8C0A1C08}.Debug|Any CPU.ActiveCfg = Debug|Any CPU
		{5C07143D-501B-4878-B4C4-4C0C8C0A1C08}.Debug|Any CPU.Build.0 = Debug|Any CPU
		{5C07143D-501B-4878-B4C4-4C0C8C0A1C08}.Release|Any CPU.ActiveCfg = Release|Any CPU
		{5C07143D-501B-4878-B4C4-4C0C8C0A1C08}.Release|Any CPU.Build.0 = Release|Any CPU
	EndGlobalSection
	GlobalSection(SolutionProperties) = preSolution
		HideSolutionNode = FALSE
	EndGlobalSection
	GlobalSection(NestedProjects) = preSolution
		{8E43666E-FC1D-42E7-B56F-148E65A9AF77} = {001F9C9B-2962-4D10-95A2-E5BFCD84313C}
		{29907452-5024-4439-A59B-4B9EF143A7FE} = {001F9C9B-2962-4D10-95A2-E5BFCD84313C}
		{FCCF56A5-AFE1-4F19-BF9B-1BC1FA0D6CE9} = {001F9C9B-2962-4D10-95A2-E5BFCD84313C}
		{D892B8B9-E98B-46BE-940A-05A6B1C21511} = {001F9C9B-2962-4D10-95A2-E5BFCD84313C}
		{AA5060CA-45E7-4F83-9CC5-7D70451441E0} = {CDEB2873-69B3-4FB2-9C30-22595BE35440}
		{B9322022-F8CB-44F6-A7EA-E6441E35B3F0} = {CDEB2873-69B3-4FB2-9C30-22595BE35440}
		{18C857E8-1BD7-42E5-B1D0-576AE04B1125} = {CDEB2873-69B3-4FB2-9C30-22595BE35440}
		{A3F94A81-E679-4A0E-A571-7A990F144A2F} = {C2A9287E-8039-482E-AAC0-A6DB52E53130}
		{CB5943AF-0EB9-48FE-882F-FF6607909982} = {C2A9287E-8039-482E-AAC0-A6DB52E53130}
		{DC6FB93E-58C1-4D42-9B41-8B3B03791EDC} = {C2A9287E-8039-482E-AAC0-A6DB52E53130}
		{F3A2EB2B-6277-4154-BD12-D080F6C85234} = {5E61DDD9-3022-4E05-A14F-8A2232FA507A}
		{1C9F5FDA-9068-448B-BFF5-C4494D071AB1} = {5E61DDD9-3022-4E05-A14F-8A2232FA507A}
		{1A1ECFAD-621F-4FE6-A1F7-8D95FE79F80B} = {5E61DDD9-3022-4E05-A14F-8A2232FA507A}
		{872198BF-B9DE-4DAE-8883-372046132A05} = {5E61DDD9-3022-4E05-A14F-8A2232FA507A}
		{D0244329-F7A0-4302-89EA-FC36FC7CB3F3} = {5E61DDD9-3022-4E05-A14F-8A2232FA507A}
		{744E9401-A11A-4741-A900-68FFD7D4BAEE} = {5E61DDD9-3022-4E05-A14F-8A2232FA507A}
		{727043AF-3265-4F74-B111-0C3127E5A803} = {5E61DDD9-3022-4E05-A14F-8A2232FA507A}
		{5C07143D-501B-4878-B4C4-4C0C8C0A1C08} = {5E61DDD9-3022-4E05-A14F-8A2232FA507A}
	EndGlobalSection
	GlobalSection(ExtensibilityGlobals) = postSolution
		SolutionGuid = {C58CB863-F99C-4C60-AC75-4BD2FB2B9B2E}
	EndGlobalSection
EndGlobal
